
Microsoft Visual Studio Solution File, Format Version 12.00
# Visual Studio Version 17
VisualStudioVersion = 17.4.33213.308
MinimumVisualStudioVersion = 10.0.40219.1
Project("{FAE04EC0-301F-11D3-BF4B-00C04F79EFBC}") = "EF7JsonColumns", "EF7JsonColumns\EF7JsonColumns.csproj", "{9EC45665-BE87-489D-9888-B816FAFD49AD}"
EndProject
Global
	GlobalSection(SolutionConfigurationPlatforms) = preSolution
		Debug|Any CPU = Debug|Any CPU
		Release|Any CPU = Release|Any CPU
	EndGlobalSection
	GlobalSection(ProjectConfigurationPlatforms) = postSolution
		{9EC45665-BE87-489D-9888-B816FAFD49AD}.Debug|Any CPU.ActiveCfg = Debug|Any CPU
		{9EC45665-BE87-489D-9888-B816FAFD49AD}.Debug|Any CPU.Build.0 = Debug|Any CPU
		{9EC45665-BE87-489D-9888-B816FAFD49AD}.Release|Any CPU.ActiveCfg = Release|Any CPU
		{9EC45665-BE87-489D-9888-B816FAFD49AD}.Release|Any CPU.Build.0 = Release|Any CPU
	EndGlobalSection
	GlobalSection(SolutionProperties) = preSolution
		HideSolutionNode = FALSE
	EndGlobalSection
	GlobalSection(ExtensibilityGlobals) = postSolution
		SolutionGuid = {68981BA4-BDC7-4CB9-BB59-AF89FC6E2131}
	EndGlobalSection
EndGlobal
